
Microsoft Visual Studio Solution File, Format Version 12.00
# Visual Studio Version 17
VisualStudioVersion = 17.7.34018.315
MinimumVisualStudioVersion = 10.0.40219.1
Project("{FAE04EC0-301F-11D3-BF4B-00C04F79EFBC}") = "IpChecker", "IpChecker\IpChecker.csproj", "{EA71BFA3-3D57-48B9-8C1B-AE85D784FD57}"
EndProject
Global
	GlobalSection(SolutionConfigurationPlatforms) = preSolution
		Debug|Any CPU = Debug|Any CPU
		Release|Any CPU = Release|Any CPU
	EndGlobalSection
	GlobalSection(ProjectConfigurationPlatforms) = postSolution
		{EA71BFA3-3D57-48B9-8C1B-AE85D784FD57}.Debug|Any CPU.ActiveCfg = Debug|Any CPU
		{EA71BFA3-3D57-48B9-8C1B-AE85D784FD57}.Debug|Any CPU.Build.0 = Debug|Any CPU
		{EA71BFA3-3D57-48B9-8C1B-AE85D784FD57}.Release|Any CPU.ActiveCfg = Release|Any CPU
		{EA71BFA3-3D57-48B9-8C1B-AE85D784FD57}.Release|Any CPU.Build.0 = Release|Any CPU
	EndGlobalSection
	GlobalSection(SolutionProperties) = preSolution
		HideSolutionNode = FALSE
	EndGlobalSection
	GlobalSection(ExtensibilityGlobals) = postSolution
		SolutionGuid = {3EAC2F0B-1CB2-486C-80CB-0ECF31E75EAD}
	EndGlobalSection
EndGlobal
